// !$*UTF8*$!
{
	archiveVersion = 1;
	classes = {
	};
	objectVersion = 46;
	objects = {

/* Begin PBXBuildFile section */
		110540131CE9C1DB001ABE5E /* AppDelegate.swift in Sources */ = {isa = PBXBuildFile; fileRef = 110540121CE9C1DB001ABE5E /* AppDelegate.swift */; };
		110540181CE9C1DB001ABE5E /* Main.storyboard in Resources */ = {isa = PBXBuildFile; fileRef = 110540161CE9C1DB001ABE5E /* Main.storyboard */; };
		1105401A1CE9C1DB001ABE5E /* Assets.xcassets in Resources */ = {isa = PBXBuildFile; fileRef = 110540191CE9C1DB001ABE5E /* Assets.xcassets */; };
		1105401D1CE9C1DB001ABE5E /* LaunchScreen.storyboard in Resources */ = {isa = PBXBuildFile; fileRef = 1105401B1CE9C1DB001ABE5E /* LaunchScreen.storyboard */; };
		1168D5FC1CE9C5900082B384 /* TableViewController.swift in Sources */ = {isa = PBXBuildFile; fileRef = 1168D5FB1CE9C5900082B384 /* TableViewController.swift */; };
		1168D5FE1CE9C5AF0082B384 /* TableViewCell.swift in Sources */ = {isa = PBXBuildFile; fileRef = 1168D5FD1CE9C5AF0082B384 /* TableViewCell.swift */; };
		D817C5A3D44A0BC47119477A /* Pods_ALPHACamp_finalAssessment_Q4.framework in Frameworks */ = {isa = PBXBuildFile; fileRef = CB54457066815389A2BE0FD4 /* Pods_ALPHACamp_finalAssessment_Q4.framework */; };
/* End PBXBuildFile section */

/* Begin PBXFileReference section */
		0174A7585AFC96F6939CA6D9 /* Pods-ALPHACamp_finalAssessment_Q4.debug.xcconfig */ = {isa = PBXFileReference; includeInIndex = 1; lastKnownFileType = text.xcconfig; name = "Pods-ALPHACamp_finalAssessment_Q4.debug.xcconfig"; path = "Pods/Target Support Files/Pods-ALPHACamp_finalAssessment_Q4/Pods-ALPHACamp_finalAssessment_Q4.debug.xcconfig"; sourceTree = "<group>"; };
		1105400F1CE9C1DB001ABE5E /* ALPHACamp_finalAssessment_Q4.app */ = {isa = PBXFileReference; explicitFileType = wrapper.application; includeInIndex = 0; path = ALPHACamp_finalAssessment_Q4.app; sourceTree = BUILT_PRODUCTS_DIR; };
		110540121CE9C1DB001ABE5E /* AppDelegate.swift */ = {isa = PBXFileReference; lastKnownFileType = sourcecode.swift; path = AppDelegate.swift; sourceTree = "<group>"; };
		110540171CE9C1DB001ABE5E /* Base */ = {isa = PBXFileReference; lastKnownFileType = file.storyboard; name = Base; path = Base.lproj/Main.storyboard; sourceTree = "<group>"; };
		110540191CE9C1DB001ABE5E /* Assets.xcassets */ = {isa = PBXFileReference; lastKnownFileType = folder.assetcatalog; path = Assets.xcassets; sourceTree = "<group>"; };
		1105401C1CE9C1DB001ABE5E /* Base */ = {isa = PBXFileReference; lastKnownFileType = file.storyboard; name = Base; path = Base.lproj/LaunchScreen.storyboard; sourceTree = "<group>"; };
		1105401E1CE9C1DB001ABE5E /* Info.plist */ = {isa = PBXFileReference; lastKnownFileType = text.plist.xml; path = Info.plist; sourceTree = "<group>"; };
		1168D5FB1CE9C5900082B384 /* TableViewController.swift */ = {isa = PBXFileReference; fileEncoding = 4; lastKnownFileType = sourcecode.swift; path = TableViewController.swift; sourceTree = "<group>"; };
		1168D5FD1CE9C5AF0082B384 /* TableViewCell.swift */ = {isa = PBXFileReference; fileEncoding = 4; lastKnownFileType = sourcecode.swift; path = TableViewCell.swift; sourceTree = "<group>"; };
		24F1136D3B6BCD19EC4ED60C /* Pods-ALPHACamp_finalAssessment_Q4.release.xcconfig */ = {isa = PBXFileReference; includeInIndex = 1; lastKnownFileType = text.xcconfig; name = "Pods-ALPHACamp_finalAssessment_Q4.release.xcconfig"; path = "Pods/Target Support Files/Pods-ALPHACamp_finalAssessment_Q4/Pods-ALPHACamp_finalAssessment_Q4.release.xcconfig"; sourceTree = "<group>"; };
		CB54457066815389A2BE0FD4 /* Pods_ALPHACamp_finalAssessment_Q4.framework */ = {isa = PBXFileReference; explicitFileType = wrapper.framework; includeInIndex = 0; path = Pods_ALPHACamp_finalAssessment_Q4.framework; sourceTree = BUILT_PRODUCTS_DIR; };
/* End PBXFileReference section */

/* Begin PBXFrameworksBuildPhase section */
		1105400C1CE9C1DB001ABE5E /* Frameworks */ = {
			isa = PBXFrameworksBuildPhase;
			buildActionMask = 2147483647;
			files = (
				D817C5A3D44A0BC47119477A /* Pods_ALPHACamp_finalAssessment_Q4.framework in Frameworks */,
			);
			runOnlyForDeploymentPostprocessing = 0;
		};
/* End PBXFrameworksBuildPhase section */

/* Begin PBXGroup section */
		110540061CE9C1DB001ABE5E = {
			isa = PBXGroup;
			children = (
				110540111CE9C1DB001ABE5E /* ALPHACamp_finalAssessment_Q4 */,
				110540101CE9C1DB001ABE5E /* Products */,
				E6DDF4F31BEDF0973D743E0B /* Pods */,
				889188A9CBAA5A39D077A3C3 /* Frameworks */,
			);
			sourceTree = "<group>";
		};
		110540101CE9C1DB001ABE5E /* Products */ = {
			isa = PBXGroup;
			children = (
				1105400F1CE9C1DB001ABE5E /* ALPHACamp_finalAssessment_Q4.app */,
			);
			name = Products;
			sourceTree = "<group>";
		};
		110540111CE9C1DB001ABE5E /* ALPHACamp_finalAssessment_Q4 */ = {
			isa = PBXGroup;
			children = (
				110540121CE9C1DB001ABE5E /* AppDelegate.swift */,
				1168D5FD1CE9C5AF0082B384 /* TableViewCell.swift */,
				1168D5FB1CE9C5900082B384 /* TableViewController.swift */,
				110540161CE9C1DB001ABE5E /* Main.storyboard */,
				110540191CE9C1DB001ABE5E /* Assets.xcassets */,
				1105401B1CE9C1DB001ABE5E /* LaunchScreen.storyboard */,
				1105401E1CE9C1DB001ABE5E /* Info.plist */,
			);
			path = ALPHACamp_finalAssessment_Q4;
			sourceTree = "<group>";
		};
		889188A9CBAA5A39D077A3C3 /* Frameworks */ = {
			isa = PBXGroup;
			children = (
				CB54457066815389A2BE0FD4 /* Pods_ALPHACamp_finalAssessment_Q4.framework */,
			);
			name = Frameworks;
			sourceTree = "<group>";
		};
		E6DDF4F31BEDF0973D743E0B /* Pods */ = {
			isa = PBXGroup;
			children = (
				0174A7585AFC96F6939CA6D9 /* Pods-ALPHACamp_finalAssessment_Q4.debug.xcconfig */,
				24F1136D3B6BCD19EC4ED60C /* Pods-ALPHACamp_finalAssessment_Q4.release.xcconfig */,
			);
			name = Pods;
			sourceTree = "<group>";
		};
/* End PBXGroup section */

/* Begin PBXNativeTarget section */
		1105400E1CE9C1DB001ABE5E /* ALPHACamp_finalAssessment_Q4 */ = {
			isa = PBXNativeTarget;
			buildConfigurationList = 110540211CE9C1DB001ABE5E /* Build configuration list for PBXNativeTarget "ALPHACamp_finalAssessment_Q4" */;
			buildPhases = (
				93BFF9219CD9C4EAAF541EEB /* 📦 Check Pods Manifest.lock */,
				1105400B1CE9C1DB001ABE5E /* Sources */,
				1105400C1CE9C1DB001ABE5E /* Frameworks */,
				1105400D1CE9C1DB001ABE5E /* Resources */,
				C3DB8297EB574D59F8855A89 /* 📦 Embed Pods Frameworks */,
				10392FF924484C16C1D50A36 /* 📦 Copy Pods Resources */,
			);
			buildRules = (
			);
			dependencies = (
			);
			name = ALPHACamp_finalAssessment_Q4;
			productName = ALPHACamp_finalAssessment_Q4;
			productReference = 1105400F1CE9C1DB001ABE5E /* ALPHACamp_finalAssessment_Q4.app */;
			productType = "com.apple.product-type.application";
		};
/* End PBXNativeTarget section */

/* Begin PBXProject section */
		110540071CE9C1DB001ABE5E /* Project object */ = {
			isa = PBXProject;
			attributes = {
				LastSwiftUpdateCheck = 0730;
				LastUpgradeCheck = 0730;
				ORGANIZATIONNAME = "Ka Ho";
				TargetAttributes = {
					1105400E1CE9C1DB001ABE5E = {
						CreatedOnToolsVersion = 7.3.1;
					};
				};
			};
			buildConfigurationList = 1105400A1CE9C1DB001ABE5E /* Build configuration list for PBXProject "ALPHACamp_finalAssessment_Q4" */;
			compatibilityVersion = "Xcode 3.2";
			developmentRegion = English;
			hasScannedForEncodings = 0;
			knownRegions = (
				en,
				Base,
			);
			mainGroup = 110540061CE9C1DB001ABE5E;
			productRefGroup = 110540101CE9C1DB001ABE5E /* Products */;
			projectDirPath = "";
			projectRoot = "";
			targets = (
				1105400E1CE9C1DB001ABE5E /* ALPHACamp_finalAssessment_Q4 */,
			);
		};
/* End PBXProject section */

/* Begin PBXResourcesBuildPhase section */
		1105400D1CE9C1DB001ABE5E /* Resources */ = {
			isa = PBXResourcesBuildPhase;
			buildActionMask = 2147483647;
			files = (
				1105401D1CE9C1DB001ABE5E /* LaunchScreen.storyboard in Resources */,
				1105401A1CE9C1DB001ABE5E /* Assets.xcassets in Resources */,
				110540181CE9C1DB001ABE5E /* Main.storyboard in Resources */,
			);
			runOnlyForDeploymentPostprocessing = 0;
		};
/* End PBXResourcesBuildPhase section */

/* Begin PBXShellScriptBuildPhase section */
		10392FF924484C16C1D50A36 /* 📦 Copy Pods Resources */ = {
			isa = PBXShellScriptBuildPhase;
			buildActionMask = 2147483647;
			files = (
			);
			inputPaths = (
			);
			name = "📦 Copy Pods Resources";
			outputPaths = (
			);
			runOnlyForDeploymentPostprocessing = 0;
			shellPath = /bin/sh;
			shellScript = "\"${SRCROOT}/Pods/Target Support Files/Pods-ALPHACamp_finalAssessment_Q4/Pods-ALPHACamp_finalAssessment_Q4-resources.sh\"\n";
			showEnvVarsInLog = 0;
		};
		93BFF9219CD9C4EAAF541EEB /* 📦 Check Pods Manifest.lock */ = {
			isa = PBXShellScriptBuildPhase;
			buildActionMask = 2147483647;
			files = (
			);
			inputPaths = (
			);
			name = "📦 Check Pods Manifest.lock";
			outputPaths = (
			);
			runOnlyForDeploymentPostprocessing = 0;
			shellPath = /bin/sh;
			shellScript = "diff \"${PODS_ROOT}/../Podfile.lock\" \"${PODS_ROOT}/Manifest.lock\" > /dev/null\nif [[ $? != 0 ]] ; then\n    cat << EOM\nerror: The sandbox is not in sync with the Podfile.lock. Run 'pod install' or update your CocoaPods installation.\nEOM\n    exit 1\nfi\n";
			showEnvVarsInLog = 0;
		};
		C3DB8297EB574D59F8855A89 /* 📦 Embed Pods Frameworks */ = {
			isa = PBXShellScriptBuildPhase;
			buildActionMask = 2147483647;
			files = (
			);
			inputPaths = (
			);
			name = "📦 Embed Pods Frameworks";
			outputPaths = (
			);
			runOnlyForDeploymentPostprocessing = 0;
			shellPath = /bin/sh;
			shellScript = "\"${SRCROOT}/Pods/Target Support Files/Pods-ALPHACamp_finalAssessment_Q4/Pods-ALPHACamp_finalAssessment_Q4-frameworks.sh\"\n";
			showEnvVarsInLog = 0;
		};
/* End PBXShellScriptBuildPhase section */

/* Begin PBXSourcesBuildPhase section */
		1105400B1CE9C1DB001ABE5E /* Sources */ = {
			isa = PBXSourcesBuildPhase;
			buildActionMask = 2147483647;
			files = (
				1168D5FE1CE9C5AF0082B384 /* TableViewCell.swift in Sources */,
				110540131CE9C1DB001ABE5E /* AppDelegate.swift in Sources */,
				1168D5FC1CE9C5900082B384 /* TableViewController.swift in Sources */,
			);
			runOnlyForDeploymentPostprocessing = 0;
		};
/* End PBXSourcesBuildPhase section */

/* Begin PBXVariantGroup section */
		110540161CE9C1DB001ABE5E /* Main.storyboard */ = {
			isa = PBXVariantGroup;
			children = (
				110540171CE9C1DB001ABE5E /* Base */,
			);
			name = Main.storyboard;
			sourceTree = "<group>";
		};
		1105401B1CE9C1DB001ABE5E /* LaunchScreen.storyboard */ = {
			isa = PBXVariantGroup;
			children = (
				1105401C1CE9C1DB001ABE5E /* Base */,
			);
			name = LaunchScreen.storyboard;
			sourceTree = "<group>";
		};
/* End PBXVariantGroup section */

/* Begin XCBuildConfiguration section */
		1105401F1CE9C1DB001ABE5E /* Debug */ = {
			isa = XCBuildConfiguration;
			buildSettings = {
				ALWAYS_SEARCH_USER_PATHS = NO;
				CLANG_ANALYZER_NONNULL = YES;
				CLANG_CXX_LANGUAGE_STANDARD = "gnu++0x";
				CLANG_CXX_LIBRARY = "libc++";
				CLANG_ENABLE_MODULES = YES;
				CLANG_ENABLE_OBJC_ARC = YES;
				CLANG_WARN_BOOL_CONVERSION = YES;
				CLANG_WARN_CONSTANT_CONVERSION = YES;
				CLANG_WARN_DIRECT_OBJC_ISA_USAGE = YES_ERROR;
				CLANG_WARN_EMPTY_BODY = YES;
				CLANG_WARN_ENUM_CONVERSION = YES;
				CLANG_WARN_INT_CONVERSION = YES;
				CLANG_WARN_OBJC_ROOT_CLASS = YES_ERROR;
				CLANG_WARN_UNREACHABLE_CODE = YES;
				CLANG_WARN__DUPLICATE_METHOD_MATCH = YES;
				"CODE_SIGN_IDENTITY[sdk=iphoneos*]" = "iPhone Developer";
				COPY_PHASE_STRIP = NO;
				DEBUG_INFORMATION_FORMAT = dwarf;
				ENABLE_STRICT_OBJC_MSGSEND = YES;
				ENABLE_TESTABILITY = YES;
				GCC_C_LANGUAGE_STANDARD = gnu99;
				GCC_DYNAMIC_NO_PIC = NO;
				GCC_NO_COMMON_BLOCKS = YES;
				GCC_OPTIMIZATION_LEVEL = 0;
				GCC_PREPROCESSOR_DEFINITIONS = (
					"DEBUG=1",
					"$(inherited)",
				);
				GCC_WARN_64_TO_32_BIT_CONVERSION = YES;
				GCC_WARN_ABOUT_RETURN_TYPE = YES_ERROR;
				GCC_WARN_UNDECLARED_SELECTOR = YES;
				GCC_WARN_UNINITIALIZED_AUTOS = YES_AGGRESSIVE;
				GCC_WARN_UNUSED_FUNCTION = YES;
				GCC_WARN_UNUSED_VARIABLE = YES;
				IPHONEOS_DEPLOYMENT_TARGET = 9.3;
				MTL_ENABLE_DEBUG_INFO = YES;
				ONLY_ACTIVE_ARCH = YES;
				SDKROOT = iphoneos;
				SWIFT_OPTIMIZATION_LEVEL = "-Onone";
				TARGETED_DEVICE_FAMILY = "1,2";
			};
			name = Debug;
		};
		110540201CE9C1DB001ABE5E /* Release */ = {
			isa = XCBuildConfiguration;
			buildSettings = {
				ALWAYS_SEARCH_USER_PATHS = NO;
				CLANG_ANALYZER_NONNULL = YES;
				CLANG_CXX_LANGUAGE_STANDARD = "gnu++0x";
				CLANG_CXX_LIBRARY = "libc++";
				CLANG_ENABLE_MODULES = YES;
				CLANG_ENABLE_OBJC_ARC = YES;
				CLANG_WARN_BOOL_CONVERSION = YES;
				CLANG_WARN_CONSTANT_CONVERSION = YES;
				CLANG_WARN_DIRECT_OBJC_ISA_USAGE = YES_ERROR;
				CLANG_WARN_EMPTY_BODY = YES;
				CLANG_WARN_ENUM_CONVERSION = YES;
				CLANG_WARN_INT_CONVERSION = YES;
				CLANG_WARN_OBJC_ROOT_CLASS = YES_ERROR;
				CLANG_WARN_UNREACHABLE_CODE = YES;
				CLANG_WARN__DUPLICATE_METHOD_MATCH = YES;
				"CODE_SIGN_IDENTITY[sdk=iphoneos*]" = "iPhone Developer";
				COPY_PHASE_STRIP = NO;
				DEBUG_INFORMATION_FORMAT = "dwarf-with-dsym";
				ENABLE_NS_ASSERTIONS = NO;
				ENABLE_STRICT_OBJC_MSGSEND = YES;
				GCC_C_LANGUAGE_STANDARD = gnu99;
				GCC_NO_COMMON_BLOCKS = YES;
				GCC_WARN_64_TO_32_BIT_CONVERSION = YES;
				GCC_WARN_ABOUT_RETURN_TYPE = YES_ERROR;
				GCC_WARN_UNDECLARED_SELECTOR = YES;
				GCC_WARN_UNINITIALIZED_AUTOS = YES_AGGRESSIVE;
				GCC_WARN_UNUSED_FUNCTION = YES;
				GCC_WARN_UNUSED_VARIABLE = YES;
				IPHONEOS_DEPLOYMENT_TARGET = 9.3;
				MTL_ENABLE_DEBUG_INFO = NO;
				SDKROOT = iphoneos;
				TARGETED_DEVICE_FAMILY = "1,2";
				VALIDATE_PRODUCT = YES;
			};
			name = Release;
		};
		110540221CE9C1DB001ABE5E /* Debug */ = {
			isa = XCBuildConfiguration;
			baseConfigurationReference = 0174A7585AFC96F6939CA6D9 /* Pods-ALPHACamp_finalAssessment_Q4.debug.xcconfig */;
			buildSettings = {
				ASSETCATALOG_COMPILER_APPICON_NAME = AppIcon;
				INFOPLIST_FILE = ALPHACamp_finalAssessment_Q4/Info.plist;
				LD_RUNPATH_SEARCH_PATHS = "$(inherited) @executable_path/Frameworks";
				PRODUCT_BUNDLE_IDENTIFIER = "net.kahopoon.ALPHACamp-finalAssessment-Q4";
				PRODUCT_NAME = "$(TARGET_NAME)";
			};
			name = Debug;
		};
		110540231CE9C1DB001ABE5E /* Release */ = {
			isa = XCBuildConfiguration;
			baseConfigurationReference = 24F1136D3B6BCD19EC4ED60C /* Pods-ALPHACamp_finalAssessment_Q4.release.xcconfig */;
			buildSettings = {
				ASSETCATALOG_COMPILER_APPICON_NAME = AppIcon;
				INFOPLIST_FILE = ALPHACamp_finalAssessment_Q4/Info.plist;
				LD_RUNPATH_SEARCH_PATHS = "$(inherited) @executable_path/Frameworks";
				PRODUCT_BUNDLE_IDENTIFIER = "net.kahopoon.ALPHACamp-finalAssessment-Q4";
				PRODUCT_NAME = "$(TARGET_NAME)";
			};
			name = Release;
		};
/* End XCBuildConfiguration section */

/* Begin XCConfigurationList section */
		1105400A1CE9C1DB001ABE5E /* Build configuration list for PBXProject "ALPHACamp_finalAssessment_Q4" */ = {
			isa = XCConfigurationList;
			buildConfigurations = (
				1105401F1CE9C1DB001ABE5E /* Debug */,
				110540201CE9C1DB001ABE5E /* Release */,
			);
			defaultConfigurationIsVisible = 0;
			defaultConfigurationName = Release;
		};
		110540211CE9C1DB001ABE5E /* Build configuration list for PBXNativeTarget "ALPHACamp_finalAssessment_Q4" */ = {
			isa = XCConfigurationList;
			buildConfigurations = (
				110540221CE9C1DB001ABE5E /* Debug */,
				110540231CE9C1DB001ABE5E /* Release */,
			);
			defaultConfigurationIsVisible = 0;
			defaultConfigurationName = Release;
		};
/* End XCConfigurationList section */
	};
	rootObject = 110540071CE9C1DB001ABE5E /* Project object */;
}
